// !$*UTF8*$!
{
	archiveVersion = 1;
	classes = {
	};
	objectVersion = 50;
	objects = {

/* Begin PBXBuildFile section */
		D5354A42224E70B90099E5F0 /* AppDelegate.swift in Sources */ = {isa = PBXBuildFile; fileRef = D5354A41224E70B90099E5F0 /* AppDelegate.swift */; };
		D5354A44224E70B90099E5F0 /* ViewController.swift in Sources */ = {isa = PBXBuildFile; fileRef = D5354A43224E70B90099E5F0 /* ViewController.swift */; };
		D5354A47224E70B90099E5F0 /* Main.storyboard in Resources */ = {isa = PBXBuildFile; fileRef = D5354A45224E70B90099E5F0 /* Main.storyboard */; };
		D5354A49224E70BA0099E5F0 /* Assets.xcassets in Resources */ = {isa = PBXBuildFile; fileRef = D5354A48224E70BA0099E5F0 /* Assets.xcassets */; };
		D5354A4C224E70BA0099E5F0 /* LaunchScreen.storyboard in Resources */ = {isa = PBXBuildFile; fileRef = D5354A4A224E70BA0099E5F0 /* LaunchScreen.storyboard */; };
		D5354A57224E70BA0099E5F0 /* MoveCompassTestTests.swift in Sources */ = {isa = PBXBuildFile; fileRef = D5354A56224E70BA0099E5F0 /* MoveCompassTestTests.swift */; };
		D5354A62224E70BA0099E5F0 /* MoveCompassTestUITests.swift in Sources */ = {isa = PBXBuildFile; fileRef = D5354A61224E70BA0099E5F0 /* MoveCompassTestUITests.swift */; };
/* End PBXBuildFile section */

/* Begin PBXContainerItemProxy section */
		D5354A53224E70BA0099E5F0 /* PBXContainerItemProxy */ = {
			isa = PBXContainerItemProxy;
			containerPortal = D5354A36224E70B80099E5F0 /* Project object */;
			proxyType = 1;
			remoteGlobalIDString = D5354A3D224E70B90099E5F0;
			remoteInfo = MoveCompassTest;
		};
		D5354A5E224E70BA0099E5F0 /* PBXContainerItemProxy */ = {
			isa = PBXContainerItemProxy;
			containerPortal = D5354A36224E70B80099E5F0 /* Project object */;
			proxyType = 1;
			remoteGlobalIDString = D5354A3D224E70B90099E5F0;
			remoteInfo = MoveCompassTest;
		};
/* End PBXContainerItemProxy section */

/* Begin PBXFileReference section */
		D5354A3E224E70B90099E5F0 /* MoveCompassTest.app */ = {isa = PBXFileReference; explicitFileType = wrapper.application; includeInIndex = 0; path = MoveCompassTest.app; sourceTree = BUILT_PRODUCTS_DIR; };
		D5354A41224E70B90099E5F0 /* AppDelegate.swift */ = {isa = PBXFileReference; lastKnownFileType = sourcecode.swift; path = AppDelegate.swift; sourceTree = "<group>"; };
		D5354A43224E70B90099E5F0 /* ViewController.swift */ = {isa = PBXFileReference; lastKnownFileType = sourcecode.swift; path = ViewController.swift; sourceTree = "<group>"; };
		D5354A46224E70B90099E5F0 /* Base */ = {isa = PBXFileReference; lastKnownFileType = file.storyboard; name = Base; path = Base.lproj/Main.storyboard; sourceTree = "<group>"; };
		D5354A48224E70BA0099E5F0 /* Assets.xcassets */ = {isa = PBXFileReference; lastKnownFileType = folder.assetcatalog; path = Assets.xcassets; sourceTree = "<group>"; };
		D5354A4B224E70BA0099E5F0 /* Base */ = {isa = PBXFileReference; lastKnownFileType = file.storyboard; name = Base; path = Base.lproj/LaunchScreen.storyboard; sourceTree = "<group>"; };
		D5354A4D224E70BA0099E5F0 /* Info.plist */ = {isa = PBXFileReference; lastKnownFileType = text.plist.xml; path = Info.plist; sourceTree = "<group>"; };
		D5354A52224E70BA0099E5F0 /* MoveCompassTestTests.xctest */ = {isa = PBXFileReference; explicitFileType = wrapper.cfbundle; includeInIndex = 0; path = MoveCompassTestTests.xctest; sourceTree = BUILT_PRODUCTS_DIR; };
		D5354A56224E70BA0099E5F0 /* MoveCompassTestTests.swift */ = {isa = PBXFileReference; lastKnownFileType = sourcecode.swift; path = MoveCompassTestTests.swift; sourceTree = "<group>"; };
		D5354A58224E70BA0099E5F0 /* Info.plist */ = {isa = PBXFileReference; lastKnownFileType = text.plist.xml; path = Info.plist; sourceTree = "<group>"; };
		D5354A5D224E70BA0099E5F0 /* MoveCompassTestUITests.xctest */ = {isa = PBXFileReference; explicitFileType = wrapper.cfbundle; includeInIndex = 0; path = MoveCompassTestUITests.xctest; sourceTree = BUILT_PRODUCTS_DIR; };
		D5354A61224E70BA0099E5F0 /* MoveCompassTestUITests.swift */ = {isa = PBXFileReference; lastKnownFileType = sourcecode.swift; path = MoveCompassTestUITests.swift; sourceTree = "<group>"; };
		D5354A63224E70BA0099E5F0 /* Info.plist */ = {isa = PBXFileReference; lastKnownFileType = text.plist.xml; path = Info.plist; sourceTree = "<group>"; };
/* End PBXFileReference section */

/* Begin PBXFrameworksBuildPhase section */
		D5354A3B224E70B90099E5F0 /* Frameworks */ = {
			isa = PBXFrameworksBuildPhase;
			buildActionMask = 2147483647;
			files = (
			);
			runOnlyForDeploymentPostprocessing = 0;
		};
		D5354A4F224E70BA0099E5F0 /* Frameworks */ = {
			isa = PBXFrameworksBuildPhase;
			buildActionMask = 2147483647;
			files = (
			);
			runOnlyForDeploymentPostprocessing = 0;
		};
		D5354A5A224E70BA0099E5F0 /* Frameworks */ = {
			isa = PBXFrameworksBuildPhase;
			buildActionMask = 2147483647;
			files = (
			);
			runOnlyForDeploymentPostprocessing = 0;
		};
/* End PBXFrameworksBuildPhase section */

/* Begin PBXGroup section */
		D5354A35224E70B80099E5F0 = {
			isa = PBXGroup;
			children = (
				D5354A40224E70B90099E5F0 /* MoveCompassTest */,
				D5354A55224E70BA0099E5F0 /* MoveCompassTestTests */,
				D5354A60224E70BA0099E5F0 /* MoveCompassTestUITests */,
				D5354A3F224E70B90099E5F0 /* Products */,
			);
			sourceTree = "<group>";
		};
		D5354A3F224E70B90099E5F0 /* Products */ = {
			isa = PBXGroup;
			children = (
				D5354A3E224E70B90099E5F0 /* MoveCompassTest.app */,
				D5354A52224E70BA0099E5F0 /* MoveCompassTestTests.xctest */,
				D5354A5D224E70BA0099E5F0 /* MoveCompassTestUITests.xctest */,
			);
			name = Products;
			sourceTree = "<group>";
		};
		D5354A40224E70B90099E5F0 /* MoveCompassTest */ = {
			isa = PBXGroup;
			children = (
				D5354A41224E70B90099E5F0 /* AppDelegate.swift */,
				D5354A43224E70B90099E5F0 /* ViewController.swift */,
				D5354A45224E70B90099E5F0 /* Main.storyboard */,
				D5354A48224E70BA0099E5F0 /* Assets.xcassets */,
				D5354A4A224E70BA0099E5F0 /* LaunchScreen.storyboard */,
				D5354A4D224E70BA0099E5F0 /* Info.plist */,
			);
			path = MoveCompassTest;
			sourceTree = "<group>";
		};
		D5354A55224E70BA0099E5F0 /* MoveCompassTestTests */ = {
			isa = PBXGroup;
			children = (
				D5354A56224E70BA0099E5F0 /* MoveCompassTestTests.swift */,
				D5354A58224E70BA0099E5F0 /* Info.plist */,
			);
			path = MoveCompassTestTests;
			sourceTree = "<group>";
		};
		D5354A60224E70BA0099E5F0 /* MoveCompassTestUITests */ = {
			isa = PBXGroup;
			children = (
				D5354A61224E70BA0099E5F0 /* MoveCompassTestUITests.swift */,
				D5354A63224E70BA0099E5F0 /* Info.plist */,
			);
			path = MoveCompassTestUITests;
			sourceTree = "<group>";
		};
/* End PBXGroup section */

/* Begin PBXNativeTarget section */
		D5354A3D224E70B90099E5F0 /* MoveCompassTest */ = {
			isa = PBXNativeTarget;
			buildConfigurationList = D5354A66224E70BA0099E5F0 /* Build configuration list for PBXNativeTarget "MoveCompassTest" */;
			buildPhases = (
				D5354A3A224E70B90099E5F0 /* Sources */,
				D5354A3B224E70B90099E5F0 /* Frameworks */,
				D5354A3C224E70B90099E5F0 /* Resources */,
			);
			buildRules = (
			);
			dependencies = (
			);
			name = MoveCompassTest;
			productName = MoveCompassTest;
			productReference = D5354A3E224E70B90099E5F0 /* MoveCompassTest.app */;
			productType = "com.apple.product-type.application";
		};
		D5354A51224E70BA0099E5F0 /* MoveCompassTestTests */ = {
			isa = PBXNativeTarget;
			buildConfigurationList = D5354A69224E70BA0099E5F0 /* Build configuration list for PBXNativeTarget "MoveCompassTestTests" */;
			buildPhases = (
				D5354A4E224E70BA0099E5F0 /* Sources */,
				D5354A4F224E70BA0099E5F0 /* Frameworks */,
				D5354A50224E70BA0099E5F0 /* Resources */,
			);
			buildRules = (
			);
			dependencies = (
				D5354A54224E70BA0099E5F0 /* PBXTargetDependency */,
			);
			name = MoveCompassTestTests;
			productName = MoveCompassTestTests;
			productReference = D5354A52224E70BA0099E5F0 /* MoveCompassTestTests.xctest */;
			productType = "com.apple.product-type.bundle.unit-test";
		};
		D5354A5C224E70BA0099E5F0 /* MoveCompassTestUITests */ = {
			isa = PBXNativeTarget;
			buildConfigurationList = D5354A6C224E70BA0099E5F0 /* Build configuration list for PBXNativeTarget "MoveCompassTestUITests" */;
			buildPhases = (
				D5354A59224E70BA0099E5F0 /* Sources */,
				D5354A5A224E70BA0099E5F0 /* Frameworks */,
				D5354A5B224E70BA0099E5F0 /* Resources */,
			);
			buildRules = (
			);
			dependencies = (
				D5354A5F224E70BA0099E5F0 /* PBXTargetDependency */,
			);
			name = MoveCompassTestUITests;
			productName = MoveCompassTestUITests;
			productReference = D5354A5D224E70BA0099E5F0 /* MoveCompassTestUITests.xctest */;
			productType = "com.apple.product-type.bundle.ui-testing";
		};
/* End PBXNativeTarget section */

/* Begin PBXProject section */
		D5354A36224E70B80099E5F0 /* Project object */ = {
			isa = PBXProject;
			attributes = {
				LastSwiftUpdateCheck = 1010;
				LastUpgradeCheck = 1010;
				ORGANIZATIONNAME = hector.dd;
				TargetAttributes = {
					D5354A3D224E70B90099E5F0 = {
						CreatedOnToolsVersion = 10.1;
					};
					D5354A51224E70BA0099E5F0 = {
						CreatedOnToolsVersion = 10.1;
						TestTargetID = D5354A3D224E70B90099E5F0;
					};
					D5354A5C224E70BA0099E5F0 = {
						CreatedOnToolsVersion = 10.1;
						TestTargetID = D5354A3D224E70B90099E5F0;
					};
				};
			};
			buildConfigurationList = D5354A39224E70B80099E5F0 /* Build configuration list for PBXProject "MoveCompassTest" */;
			compatibilityVersion = "Xcode 9.3";
			developmentRegion = en;
			hasScannedForEncodings = 0;
			knownRegions = (
				en,
				Base,
			);
			mainGroup = D5354A35224E70B80099E5F0;
			productRefGroup = D5354A3F224E70B90099E5F0 /* Products */;
			projectDirPath = "";
			projectRoot = "";
			targets = (
				D5354A3D224E70B90099E5F0 /* MoveCompassTest */,
				D5354A51224E70BA0099E5F0 /* MoveCompassTestTests */,
				D5354A5C224E70BA0099E5F0 /* MoveCompassTestUITests */,
			);
		};
/* End PBXProject section */

/* Begin PBXResourcesBuildPhase section */
		D5354A3C224E70B90099E5F0 /* Resources */ = {
			isa = PBXResourcesBuildPhase;
			buildActionMask = 2147483647;
			files = (
				D5354A4C224E70BA0099E5F0 /* LaunchScreen.storyboard in Resources */,
				D5354A49224E70BA0099E5F0 /* Assets.xcassets in Resources */,
				D5354A47224E70B90099E5F0 /* Main.storyboard in Resources */,
			);
			runOnlyForDeploymentPostprocessing = 0;
		};
		D5354A50224E70BA0099E5F0 /* Resources */ = {
			isa = PBXResourcesBuildPhase;
			buildActionMask = 2147483647;
			files = (
			);
			runOnlyForDeploymentPostprocessing = 0;
		};
		D5354A5B224E70BA0099E5F0 /* Resources */ = {
			isa = PBXResourcesBuildPhase;
			buildActionMask = 2147483647;
			files = (
			);
			runOnlyForDeploymentPostprocessing = 0;
		};
/* End PBXResourcesBuildPhase section */

/* Begin PBXSourcesBuildPhase section */
		D5354A3A224E70B90099E5F0 /* Sources */ = {
			isa = PBXSourcesBuildPhase;
			buildActionMask = 2147483647;
			files = (
				D5354A44224E70B90099E5F0 /* ViewController.swift in Sources */,
				D5354A42224E70B90099E5F0 /* AppDelegate.swift in Sources */,
			);
			runOnlyForDeploymentPostprocessing = 0;
		};
		D5354A4E224E70BA0099E5F0 /* Sources */ = {
			isa = PBXSourcesBuildPhase;
			buildActionMask = 2147483647;
			files = (
				D5354A57224E70BA0099E5F0 /* MoveCompassTestTests.swift in Sources */,
			);
			runOnlyForDeploymentPostprocessing = 0;
		};
		D5354A59224E70BA0099E5F0 /* Sources */ = {
			isa = PBXSourcesBuildPhase;
			buildActionMask = 2147483647;
			files = (
				D5354A62224E70BA0099E5F0 /* MoveCompassTestUITests.swift in Sources */,
			);
			runOnlyForDeploymentPostprocessing = 0;
		};
/* End PBXSourcesBuildPhase section */

/* Begin PBXTargetDependency section */
		D5354A54224E70BA0099E5F0 /* PBXTargetDependency */ = {
			isa = PBXTargetDependency;
			target = D5354A3D224E70B90099E5F0 /* MoveCompassTest */;
			targetProxy = D5354A53224E70BA0099E5F0 /* PBXContainerItemProxy */;
		};
		D5354A5F224E70BA0099E5F0 /* PBXTargetDependency */ = {
			isa = PBXTargetDependency;
			target = D5354A3D224E70B90099E5F0 /* MoveCompassTest */;
			targetProxy = D5354A5E224E70BA0099E5F0 /* PBXContainerItemProxy */;
		};
/* End PBXTargetDependency section */

/* Begin PBXVariantGroup section */
		D5354A45224E70B90099E5F0 /* Main.storyboard */ = {
			isa = PBXVariantGroup;
			children = (
				D5354A46224E70B90099E5F0 /* Base */,
			);
			name = Main.storyboard;
			sourceTree = "<group>";
		};
		D5354A4A224E70BA0099E5F0 /* LaunchScreen.storyboard */ = {
			isa = PBXVariantGroup;
			children = (
				D5354A4B224E70BA0099E5F0 /* Base */,
			);
			name = LaunchScreen.storyboard;
			sourceTree = "<group>";
		};
/* End PBXVariantGroup section */

/* Begin XCBuildConfiguration section */
		D5354A64224E70BA0099E5F0 /* Debug */ = {
			isa = XCBuildConfiguration;
			buildSettings = {
				ALWAYS_SEARCH_USER_PATHS = NO;
				CLANG_ANALYZER_NONNULL = YES;
				CLANG_ANALYZER_NUMBER_OBJECT_CONVERSION = YES_AGGRESSIVE;
				CLANG_CXX_LANGUAGE_STANDARD = "gnu++14";
				CLANG_CXX_LIBRARY = "libc++";
				CLANG_ENABLE_MODULES = YES;
				CLANG_ENABLE_OBJC_ARC = YES;
				CLANG_ENABLE_OBJC_WEAK = YES;
				CLANG_WARN_BLOCK_CAPTURE_AUTORELEASING = YES;
				CLANG_WARN_BOOL_CONVERSION = YES;
				CLANG_WARN_COMMA = YES;
				CLANG_WARN_CONSTANT_CONVERSION = YES;
				CLANG_WARN_DEPRECATED_OBJC_IMPLEMENTATIONS = YES;
				CLANG_WARN_DIRECT_OBJC_ISA_USAGE = YES_ERROR;
				CLANG_WARN_DOCUMENTATION_COMMENTS = YES;
				CLANG_WARN_EMPTY_BODY = YES;
				CLANG_WARN_ENUM_CONVERSION = YES;
				CLANG_WARN_INFINITE_RECURSION = YES;
				CLANG_WARN_INT_CONVERSION = YES;
				CLANG_WARN_NON_LITERAL_NULL_CONVERSION = YES;
				CLANG_WARN_OBJC_IMPLICIT_RETAIN_SELF = YES;
				CLANG_WARN_OBJC_LITERAL_CONVERSION = YES;
				CLANG_WARN_OBJC_ROOT_CLASS = YES_ERROR;
				CLANG_WARN_RANGE_LOOP_ANALYSIS = YES;
				CLANG_WARN_STRICT_PROTOTYPES = YES;
				CLANG_WARN_SUSPICIOUS_MOVE = YES;
				CLANG_WARN_UNGUARDED_AVAILABILITY = YES_AGGRESSIVE;
				CLANG_WARN_UNREACHABLE_CODE = YES;
				CLANG_WARN__DUPLICATE_METHOD_MATCH = YES;
				CODE_SIGN_IDENTITY = "iPhone Developer";
				COPY_PHASE_STRIP = NO;
				DEBUG_INFORMATION_FORMAT = dwarf;
				ENABLE_STRICT_OBJC_MSGSEND = YES;
				ENABLE_TESTABILITY = YES;
				GCC_C_LANGUAGE_STANDARD = gnu11;
				GCC_DYNAMIC_NO_PIC = NO;
				GCC_NO_COMMON_BLOCKS = YES;
				GCC_OPTIMIZATION_LEVEL = 0;
				GCC_PREPROCESSOR_DEFINITIONS = (
					"DEBUG=1",
					"$(inherited)",
				);
				GCC_WARN_64_TO_32_BIT_CONVERSION = YES;
				GCC_WARN_ABOUT_RETURN_TYPE = YES_ERROR;
				GCC_WARN_UNDECLARED_SELECTOR = YES;
				GCC_WARN_UNINITIALIZED_AUTOS = YES_AGGRESSIVE;
				GCC_WARN_UNUSED_FUNCTION = YES;
				GCC_WARN_UNUSED_VARIABLE = YES;
				IPHONEOS_DEPLOYMENT_TARGET = 12.1;
				MTL_ENABLE_DEBUG_INFO = INCLUDE_SOURCE;
				MTL_FAST_MATH = YES;
				ONLY_ACTIVE_ARCH = YES;
				SDKROOT = iphoneos;
				SWIFT_ACTIVE_COMPILATION_CONDITIONS = DEBUG;
				SWIFT_OPTIMIZATION_LEVEL = "-Onone";
			};
			name = Debug;
		};
		D5354A65224E70BA0099E5F0 /* Release */ = {
			isa = XCBuildConfiguration;
			buildSettings = {
				ALWAYS_SEARCH_USER_PATHS = NO;
				CLANG_ANALYZER_NONNULL = YES;
				CLANG_ANALYZER_NUMBER_OBJECT_CONVERSION = YES_AGGRESSIVE;
				CLANG_CXX_LANGUAGE_STANDARD = "gnu++14";
				CLANG_CXX_LIBRARY = "libc++";
				CLANG_ENABLE_MODULES = YES;
				CLANG_ENABLE_OBJC_ARC = YES;
				CLANG_ENABLE_OBJC_WEAK = YES;
				CLANG_WARN_BLOCK_CAPTURE_AUTORELEASING = YES;
				CLANG_WARN_BOOL_CONVERSION = YES;
				CLANG_WARN_COMMA = YES;
				CLANG_WARN_CONSTANT_CONVERSION = YES;
				CLANG_WARN_DEPRECATED_OBJC_IMPLEMENTATIONS = YES;
				CLANG_WARN_DIRECT_OBJC_ISA_USAGE = YES_ERROR;
				CLANG_WARN_DOCUMENTATION_COMMENTS = YES;
				CLANG_WARN_EMPTY_BODY = YES;
				CLANG_WARN_ENUM_CONVERSION = YES;
				CLANG_WARN_INFINITE_RECURSION = YES;
				CLANG_WARN_INT_CONVERSION = YES;
				CLANG_WARN_NON_LITERAL_NULL_CONVERSION = YES;
				CLANG_WARN_OBJC_IMPLICIT_RETAIN_SELF = YES;
				CLANG_WARN_OBJC_LITERAL_CONVERSION = YES;
				CLANG_WARN_OBJC_ROOT_CLASS = YES_ERROR;
				CLANG_WARN_RANGE_LOOP_ANALYSIS = YES;
				CLANG_WARN_STRICT_PROTOTYPES = YES;
				CLANG_WARN_SUSPICIOUS_MOVE = YES;
				CLANG_WARN_UNGUARDED_AVAILABILITY = YES_AGGRESSIVE;
				CLANG_WARN_UNREACHABLE_CODE = YES;
				CLANG_WARN__DUPLICATE_METHOD_MATCH = YES;
				CODE_SIGN_IDENTITY = "iPhone Developer";
				COPY_PHASE_STRIP = NO;
				DEBUG_INFORMATION_FORMAT = "dwarf-with-dsym";
				ENABLE_NS_ASSERTIONS = NO;
				ENABLE_STRICT_OBJC_MSGSEND = YES;
				GCC_C_LANGUAGE_STANDARD = gnu11;
				GCC_NO_COMMON_BLOCKS = YES;
				GCC_WARN_64_TO_32_BIT_CONVERSION = YES;
				GCC_WARN_ABOUT_RETURN_TYPE = YES_ERROR;
				GCC_WARN_UNDECLARED_SELECTOR = YES;
				GCC_WARN_UNINITIALIZED_AUTOS = YES_AGGRESSIVE;
				GCC_WARN_UNUSED_FUNCTION = YES;
				GCC_WARN_UNUSED_VARIABLE = YES;
				IPHONEOS_DEPLOYMENT_TARGET = 12.1;
				MTL_ENABLE_DEBUG_INFO = NO;
				MTL_FAST_MATH = YES;
				SDKROOT = iphoneos;
				SWIFT_COMPILATION_MODE = wholemodule;
				SWIFT_OPTIMIZATION_LEVEL = "-O";
				VALIDATE_PRODUCT = YES;
			};
			name = Release;
		};
		D5354A67224E70BA0099E5F0 /* Debug */ = {
			isa = XCBuildConfiguration;
			buildSettings = {
				ASSETCATALOG_COMPILER_APPICON_NAME = AppIcon;
				CODE_SIGN_STYLE = Automatic;
				DEVELOPMENT_TEAM = SZP43QR59Q;
				INFOPLIST_FILE = MoveCompassTest/Info.plist;
				LD_RUNPATH_SEARCH_PATHS = (
					"$(inherited)",
					"@executable_path/Frameworks",
				);
				PRODUCT_BUNDLE_IDENTIFIER = me.dediego.MoveCompassTest;
				PRODUCT_NAME = "$(TARGET_NAME)";
				SWIFT_VERSION = 4.2;
				TARGETED_DEVICE_FAMILY = "1,2";
			};
			name = Debug;
		};
		D5354A68224E70BA0099E5F0 /* Release */ = {
			isa = XCBuildConfiguration;
			buildSettings = {
				ASSETCATALOG_COMPILER_APPICON_NAME = AppIcon;
				CODE_SIGN_STYLE = Automatic;
				DEVELOPMENT_TEAM = SZP43QR59Q;
				INFOPLIST_FILE = MoveCompassTest/Info.plist;
				LD_RUNPATH_SEARCH_PATHS = (
					"$(inherited)",
					"@executable_path/Frameworks",
				);
				PRODUCT_BUNDLE_IDENTIFIER = me.dediego.MoveCompassTest;
				PRODUCT_NAME = "$(TARGET_NAME)";
				SWIFT_VERSION = 4.2;
				TARGETED_DEVICE_FAMILY = "1,2";
			};
			name = Release;
		};
		D5354A6A224E70BA0099E5F0 /* Debug */ = {
			isa = XCBuildConfiguration;
			buildSettings = {
				ALWAYS_EMBED_SWIFT_STANDARD_LIBRARIES = YES;
				BUNDLE_LOADER = "$(TEST_HOST)";
				CODE_SIGN_STYLE = Automatic;
				DEVELOPMENT_TEAM = SZP43QR59Q;
				INFOPLIST_FILE = MoveCompassTestTests/Info.plist;
				LD_RUNPATH_SEARCH_PATHS = (
					"$(inherited)",
					"@executable_path/Frameworks",
					"@loader_path/Frameworks",
				);
				PRODUCT_BUNDLE_IDENTIFIER = me.dediego.MoveCompassTestTests;
				PRODUCT_NAME = "$(TARGET_NAME)";
				SWIFT_VERSION = 4.2;
				TARGETED_DEVICE_FAMILY = "1,2";
				TEST_HOST = "$(BUILT_PRODUCTS_DIR)/MoveCompassTest.app/MoveCompassTest";
			};
			name = Debug;
		};
		D5354A6B224E70BA0099E5F0 /* Release */ = {
			isa = XCBuildConfiguration;
			buildSettings = {
				ALWAYS_EMBED_SWIFT_STANDARD_LIBRARIES = YES;
				BUNDLE_LOADER = "$(TEST_HOST)";
				CODE_SIGN_STYLE = Automatic;
				DEVELOPMENT_TEAM = SZP43QR59Q;
				INFOPLIST_FILE = MoveCompassTestTests/Info.plist;
				LD_RUNPATH_SEARCH_PATHS = (
					"$(inherited)",
					"@executable_path/Frameworks",
					"@loader_path/Frameworks",
				);
				PRODUCT_BUNDLE_IDENTIFIER = me.dediego.MoveCompassTestTests;
				PRODUCT_NAME = "$(TARGET_NAME)";
				SWIFT_VERSION = 4.2;
				TARGETED_DEVICE_FAMILY = "1,2";
				TEST_HOST = "$(BUILT_PRODUCTS_DIR)/MoveCompassTest.app/MoveCompassTest";
			};
			name = Release;
		};
		D5354A6D224E70BA0099E5F0 /* Debug */ = {
			isa = XCBuildConfiguration;
			buildSettings = {
				ALWAYS_EMBED_SWIFT_STANDARD_LIBRARIES = YES;
				CODE_SIGN_STYLE = Automatic;
				DEVELOPMENT_TEAM = SZP43QR59Q;
				INFOPLIST_FILE = MoveCompassTestUITests/Info.plist;
				LD_RUNPATH_SEARCH_PATHS = (
					"$(inherited)",
					"@executable_path/Frameworks",
					"@loader_path/Frameworks",
				);
				PRODUCT_BUNDLE_IDENTIFIER = me.dediego.MoveCompassTestUITests;
				PRODUCT_NAME = "$(TARGET_NAME)";
				SWIFT_VERSION = 4.2;
				TARGETED_DEVICE_FAMILY = "1,2";
				TEST_TARGET_NAME = MoveCompassTest;
			};
			name = Debug;
		};
		D5354A6E224E70BA0099E5F0 /* Release */ = {
			isa = XCBuildConfiguration;
			buildSettings = {
				ALWAYS_EMBED_SWIFT_STANDARD_LIBRARIES = YES;
				CODE_SIGN_STYLE = Automatic;
				DEVELOPMENT_TEAM = SZP43QR59Q;
				INFOPLIST_FILE = MoveCompassTestUITests/Info.plist;
				LD_RUNPATH_SEARCH_PATHS = (
					"$(inherited)",
					"@executable_path/Frameworks",
					"@loader_path/Frameworks",
				);
				PRODUCT_BUNDLE_IDENTIFIER = me.dediego.MoveCompassTestUITests;
				PRODUCT_NAME = "$(TARGET_NAME)";
				SWIFT_VERSION = 4.2;
				TARGETED_DEVICE_FAMILY = "1,2";
				TEST_TARGET_NAME = MoveCompassTest;
			};
			name = Release;
		};
/* End XCBuildConfiguration section */

/* Begin XCConfigurationList section */
		D5354A39224E70B80099E5F0 /* Build configuration list for PBXProject "MoveCompassTest" */ = {
			isa = XCConfigurationList;
			buildConfigurations = (
				D5354A64224E70BA0099E5F0 /* Debug */,
				D5354A65224E70BA0099E5F0 /* Release */,
			);
			defaultConfigurationIsVisible = 0;
			defaultConfigurationName = Release;
		};
		D5354A66224E70BA0099E5F0 /* Build configuration list for PBXNativeTarget "MoveCompassTest" */ = {
			isa = XCConfigurationList;
			buildConfigurations = (
				D5354A67224E70BA0099E5F0 /* Debug */,
				D5354A68224E70BA0099E5F0 /* Release */,
			);
			defaultConfigurationIsVisible = 0;
			defaultConfigurationName = Release;
		};
		D5354A69224E70BA0099E5F0 /* Build configuration list for PBXNativeTarget "MoveCompassTestTests" */ = {
			isa = XCConfigurationList;
			buildConfigurations = (
				D5354A6A224E70BA0099E5F0 /* Debug */,
				D5354A6B224E70BA0099E5F0 /* Release */,
			);
			defaultConfigurationIsVisible = 0;
			defaultConfigurationName = Release;
		};
		D5354A6C224E70BA0099E5F0 /* Build configuration list for PBXNativeTarget "MoveCompassTestUITests" */ = {
			isa = XCConfigurationList;
			buildConfigurations = (
				D5354A6D224E70BA0099E5F0 /* Debug */,
				D5354A6E224E70BA0099E5F0 /* Release */,
			);
			defaultConfigurationIsVisible = 0;
			defaultConfigurationName = Release;
		};
/* End XCConfigurationList section */
	};
	rootObject = D5354A36224E70B80099E5F0 /* Project object */;
}
